
Microsoft Visual Studio Solution File, Format Version 12.00
# Visual Studio Version 17
VisualStudioVersion = 17.2.32516.85
MinimumVisualStudioVersion = 10.0.40219.1
Project("{F184B08F-C81C-45F6-A57F-5ABD9991F28F}") = "practicalno9", "practicalno9.vbproj", "{0D90B5B7-B99E-404E-8A10-AB39999EDA2B}"
EndProject
Global
	GlobalSection(SolutionConfigurationPlatforms) = preSolution
		Debug|Any CPU = Debug|Any CPU
		Release|Any CPU = Release|Any CPU
	EndGlobalSection
	GlobalSection(ProjectConfigurationPlatforms) = postSolution
		{0D90B5B7-B99E-404E-8A10-AB39999EDA2B}.Debug|Any CPU.ActiveCfg = Debug|Any CPU
		{0D90B5B7-B99E-404E-8A10-AB39999EDA2B}.Debug|Any CPU.Build.0 = Debug|Any CPU
		{0D90B5B7-B99E-404E-8A10-AB39999EDA2B}.Release|Any CPU.ActiveCfg = Release|Any CPU
		{0D90B5B7-B99E-404E-8A10-AB39999EDA2B}.Release|Any CPU.Build.0 = Release|Any CPU
	EndGlobalSection
	GlobalSection(SolutionProperties) = preSolution
		HideSolutionNode = FALSE
	EndGlobalSection
	GlobalSection(ExtensibilityGlobals) = postSolution
		SolutionGuid = {7A003C5C-56A0-4033-B4F8-E0AE4A915313}
	EndGlobalSection
EndGlobal
