
Microsoft Visual Studio Solution File, Format Version 12.00
# Visual Studio Version 17
VisualStudioVersion = 17.2.32516.85
MinimumVisualStudioVersion = 10.0.40219.1
Project("{F184B08F-C81C-45F6-A57F-5ABD9991F28F}") = "Practical3a", "Practical3a.vbproj", "{AD7A8D8D-FFBA-4BE8-8FE5-23C097B67AA8}"
EndProject
Global
	GlobalSection(SolutionConfigurationPlatforms) = preSolution
		Debug|Any CPU = Debug|Any CPU
		Release|Any CPU = Release|Any CPU
	EndGlobalSection
	GlobalSection(ProjectConfigurationPlatforms) = postSolution
		{AD7A8D8D-FFBA-4BE8-8FE5-23C097B67AA8}.Debug|Any CPU.ActiveCfg = Debug|Any CPU
		{AD7A8D8D-FFBA-4BE8-8FE5-23C097B67AA8}.Debug|Any CPU.Build.0 = Debug|Any CPU
		{AD7A8D8D-FFBA-4BE8-8FE5-23C097B67AA8}.Release|Any CPU.ActiveCfg = Release|Any CPU
		{AD7A8D8D-FFBA-4BE8-8FE5-23C097B67AA8}.Release|Any CPU.Build.0 = Release|Any CPU
	EndGlobalSection
	GlobalSection(SolutionProperties) = preSolution
		HideSolutionNode = FALSE
	EndGlobalSection
	GlobalSection(ExtensibilityGlobals) = postSolution
		SolutionGuid = {B4790575-B51D-4064-B0CD-371557FE2B89}
	EndGlobalSection
EndGlobal
